
Microsoft Visual Studio Solution File, Format Version 12.00
# Visual Studio Version 16
VisualStudioVersion = 16.0.30413.136
MinimumVisualStudioVersion = 10.0.40219.1
Project("{FAE04EC0-301F-11D3-BF4B-00C04F79EFBC}") = "AppCALC.Android", "AppCALC.Android\AppCALC.Android.csproj", "{A6432201-5AFE-4F94-A4F5-625438674FEF}"
EndProject
Project("{FAE04EC0-301F-11D3-BF4B-00C04F79EFBC}") = "AppCALC.iOS", "AppCALC.iOS\AppCALC.iOS.csproj", "{A94F9B4A-7A9A-4B6F-B3E7-63A040C3BCF6}"
EndProject
Project("{FAE04EC0-301F-11D3-BF4B-00C04F79EFBC}") = "AppCALC", "AppCALC\AppCALC.csproj", "{BF327BFB-BBA3-41CA-8413-B62A3B1BA471}"
EndProject
Global
	GlobalSection(SolutionConfigurationPlatforms) = preSolution
		Debug|Any CPU = Debug|Any CPU
		Debug|iPhone = Debug|iPhone
		Debug|iPhoneSimulator = Debug|iPhoneSimulator
		Release|Any CPU = Release|Any CPU
		Release|iPhone = Release|iPhone
		Release|iPhoneSimulator = Release|iPhoneSimulator
	EndGlobalSection
	GlobalSection(ProjectConfigurationPlatforms) = postSolution
		{A6432201-5AFE-4F94-A4F5-625438674FEF}.Debug|Any CPU.ActiveCfg = Debug|Any CPU
		{A6432201-5AFE-4F94-A4F5-625438674FEF}.Debug|Any CPU.Build.0 = Debug|Any CPU
		{A6432201-5AFE-4F94-A4F5-625438674FEF}.Debug|Any CPU.Deploy.0 = Debug|Any CPU
		{A6432201-5AFE-4F94-A4F5-625438674FEF}.Debug|iPhone.ActiveCfg = Debug|Any CPU
		{A6432201-5AFE-4F94-A4F5-625438674FEF}.Debug|iPhone.Build.0 = Debug|Any CPU
		{A6432201-5AFE-4F94-A4F5-625438674FEF}.Debug|iPhone.Deploy.0 = Debug|Any CPU
		{A6432201-5AFE-4F94-A4F5-625438674FEF}.Debug|iPhoneSimulator.ActiveCfg = Debug|Any CPU
		{A6432201-5AFE-4F94-A4F5-625438674FEF}.Debug|iPhoneSimulator.Build.0 = Debug|Any CPU
		{A6432201-5AFE-4F94-A4F5-625438674FEF}.Debug|iPhoneSimulator.Deploy.0 = Debug|Any CPU
		{A6432201-5AFE-4F94-A4F5-625438674FEF}.Release|Any CPU.ActiveCfg = Release|Any CPU
		{A6432201-5AFE-4F94-A4F5-625438674FEF}.Release|Any CPU.Build.0 = Release|Any CPU
		{A6432201-5AFE-4F94-A4F5-625438674FEF}.Release|Any CPU.Deploy.0 = Release|Any CPU
		{A6432201-5AFE-4F94-A4F5-625438674FEF}.Release|iPhone.ActiveCfg = Release|Any CPU
		{A6432201-5AFE-4F94-A4F5-625438674FEF}.Release|iPhone.Build.0 = Release|Any CPU
		{A6432201-5AFE-4F94-A4F5-625438674FEF}.Release|iPhone.Deploy.0 = Release|Any CPU
		{A6432201-5AFE-4F94-A4F5-625438674FEF}.Release|iPhoneSimulator.ActiveCfg = Release|Any CPU
		{A6432201-5AFE-4F94-A4F5-625438674FEF}.Release|iPhoneSimulator.Build.0 = Release|Any CPU
		{A6432201-5AFE-4F94-A4F5-625438674FEF}.Release|iPhoneSimulator.Deploy.0 = Release|Any CPU
		{A94F9B4A-7A9A-4B6F-B3E7-63A040C3BCF6}.Debug|Any CPU.ActiveCfg = Debug|iPhone
		{A94F9B4A-7A9A-4B6F-B3E7-63A040C3BCF6}.Debug|Any CPU.Build.0 = Debug|iPhone
		{A94F9B4A-7A9A-4B6F-B3E7-63A040C3BCF6}.Debug|Any CPU.Deploy.0 = Debug|iPhone
		{A94F9B4A-7A9A-4B6F-B3E7-63A040C3BCF6}.Debug|iPhone.ActiveCfg = Debug|iPhone
		{A94F9B4A-7A9A-4B6F-B3E7-63A040C3BCF6}.Debug|iPhone.Build.0 = Debug|iPhone
		{A94F9B4A-7A9A-4B6F-B3E7-63A040C3BCF6}.Debug|iPhone.Deploy.0 = Debug|iPhone
		{A94F9B4A-7A9A-4B6F-B3E7-63A040C3BCF6}.Debug|iPhoneSimulator.ActiveCfg = Debug|iPhoneSimulator
		{A94F9B4A-7A9A-4B6F-B3E7-63A040C3BCF6}.Debug|iPhoneSimulator.Build.0 = Debug|iPhoneSimulator
		{A94F9B4A-7A9A-4B6F-B3E7-63A040C3BCF6}.Debug|iPhoneSimulator.Deploy.0 = Debug|iPhoneSimulator
		{A94F9B4A-7A9A-4B6F-B3E7-63A040C3BCF6}.Release|Any CPU.ActiveCfg = Release|iPhone
		{A94F9B4A-7A9A-4B6F-B3E7-63A040C3BCF6}.Release|Any CPU.Build.0 = Release|iPhone
		{A94F9B4A-7A9A-4B6F-B3E7-63A040C3BCF6}.Release|Any CPU.Deploy.0 = Release|iPhone
		{A94F9B4A-7A9A-4B6F-B3E7-63A040C3BCF6}.Release|iPhone.ActiveCfg = Release|iPhone
		{A94F9B4A-7A9A-4B6F-B3E7-63A040C3BCF6}.Release|iPhone.Build.0 = Release|iPhone
		{A94F9B4A-7A9A-4B6F-B3E7-63A040C3BCF6}.Release|iPhone.Deploy.0 = Release|iPhone
		{A94F9B4A-7A9A-4B6F-B3E7-63A040C3BCF6}.Release|iPhoneSimulator.ActiveCfg = Release|iPhoneSimulator
		{A94F9B4A-7A9A-4B6F-B3E7-63A040C3BCF6}.Release|iPhoneSimulator.Build.0 = Release|iPhoneSimulator
		{A94F9B4A-7A9A-4B6F-B3E7-63A040C3BCF6}.Release|iPhoneSimulator.Deploy.0 = Release|iPhoneSimulator
		{BF327BFB-BBA3-41CA-8413-B62A3B1BA471}.Debug|Any CPU.ActiveCfg = Debug|Any CPU
		{BF327BFB-BBA3-41CA-8413-B62A3B1BA471}.Debug|Any CPU.Build.0 = Debug|Any CPU
		{BF327BFB-BBA3-41CA-8413-B62A3B1BA471}.Debug|Any CPU.Deploy.0 = Debug|Any CPU
		{BF327BFB-BBA3-41CA-8413-B62A3B1BA471}.Debug|iPhone.ActiveCfg = Debug|Any CPU
		{BF327BFB-BBA3-41CA-8413-B62A3B1BA471}.Debug|iPhone.Build.0 = Debug|Any CPU
		{BF327BFB-BBA3-41CA-8413-B62A3B1BA471}.Debug|iPhone.Deploy.0 = Debug|Any CPU
		{BF327BFB-BBA3-41CA-8413-B62A3B1BA471}.Debug|iPhoneSimulator.ActiveCfg = Debug|Any CPU
		{BF327BFB-BBA3-41CA-8413-B62A3B1BA471}.Debug|iPhoneSimulator.Build.0 = Debug|Any CPU
		{BF327BFB-BBA3-41CA-8413-B62A3B1BA471}.Debug|iPhoneSimulator.Deploy.0 = Debug|Any CPU
		{BF327BFB-BBA3-41CA-8413-B62A3B1BA471}.Release|Any CPU.ActiveCfg = Release|Any CPU
		{BF327BFB-BBA3-41CA-8413-B62A3B1BA471}.Release|Any CPU.Build.0 = Release|Any CPU
		{BF327BFB-BBA3-41CA-8413-B62A3B1BA471}.Release|Any CPU.Deploy.0 = Release|Any CPU
		{BF327BFB-BBA3-41CA-8413-B62A3B1BA471}.Release|iPhone.ActiveCfg = Release|Any CPU
		{BF327BFB-BBA3-41CA-8413-B62A3B1BA471}.Release|iPhone.Build.0 = Release|Any CPU
		{BF327BFB-BBA3-41CA-8413-B62A3B1BA471}.Release|iPhone.Deploy.0 = Release|Any CPU
		{BF327BFB-BBA3-41CA-8413-B62A3B1BA471}.Release|iPhoneSimulator.ActiveCfg = Release|Any CPU
		{BF327BFB-BBA3-41CA-8413-B62A3B1BA471}.Release|iPhoneSimulator.Build.0 = Release|Any CPU
		{BF327BFB-BBA3-41CA-8413-B62A3B1BA471}.Release|iPhoneSimulator.Deploy.0 = Release|Any CPU
	EndGlobalSection
	GlobalSection(SolutionProperties) = preSolution
		HideSolutionNode = FALSE
	EndGlobalSection
	GlobalSection(ExtensibilityGlobals) = postSolution
		SolutionGuid = {70A281EC-B4BA-44B3-8669-8B161B4706C4}
	EndGlobalSection
EndGlobal
